// !$*UTF8*$!
{
	archiveVersion = 1;
	classes = {
	};
	objectVersion = 50;
	objects = {

/* Begin PBXBuildFile section */
		151DB5B7248E2B0D00AF8152 /* ListsCollectionViewController.swift in Sources */ = {isa = PBXBuildFile; fileRef = 151DB5B6248E2B0D00AF8152 /* ListsCollectionViewController.swift */; };
		151DB5BA248E2B2C00AF8152 /* ListsCollectionViewCell.swift in Sources */ = {isa = PBXBuildFile; fileRef = 151DB5B9248E2B2C00AF8152 /* ListsCollectionViewCell.swift */; };
		151DB5BD248E3DB200AF8152 /* Lists.json in Resources */ = {isa = PBXBuildFile; fileRef = 151DB5BC248E3DB200AF8152 /* Lists.json */; };
		151DB5C0248E414100AF8152 /* JSONService.swift in Sources */ = {isa = PBXBuildFile; fileRef = 151DB5BF248E414100AF8152 /* JSONService.swift */; };
		151DB5C3248E473600AF8152 /* ListsItems.swift in Sources */ = {isa = PBXBuildFile; fileRef = 151DB5C2248E473600AF8152 /* ListsItems.swift */; };
		151DB5C5248E617700AF8152 /* ExtentionListCollection.swift in Sources */ = {isa = PBXBuildFile; fileRef = 151DB5C4248E617700AF8152 /* ExtentionListCollection.swift */; };
		153388E4248E796F00ED2719 /* ListViewController.swift in Sources */ = {isa = PBXBuildFile; fileRef = 153388E3248E796F00ED2719 /* ListViewController.swift */; };
		153388E6248E831500ED2719 /* CosntraintService.swift in Sources */ = {isa = PBXBuildFile; fileRef = 153388E5248E831500ED2719 /* CosntraintService.swift */; };
		15AC384E248EE1F100BDFCA4 /* ExtentionOneCategoryViewController.swift in Sources */ = {isa = PBXBuildFile; fileRef = 15AC384D248EE1F100BDFCA4 /* ExtentionOneCategoryViewController.swift */; };
		15AC3852248F8C8E00BDFCA4 /* NewItemStoryboard.storyboard in Resources */ = {isa = PBXBuildFile; fileRef = 15AC3851248F8C8E00BDFCA4 /* NewItemStoryboard.storyboard */; };
		15AC3854248F8F7F00BDFCA4 /* NewViewController.swift in Sources */ = {isa = PBXBuildFile; fileRef = 15AC3853248F8F7F00BDFCA4 /* NewViewController.swift */; };
		15C46D8F248E2784004C1C4B /* AppDelegate.swift in Sources */ = {isa = PBXBuildFile; fileRef = 15C46D8E248E2784004C1C4B /* AppDelegate.swift */; };
		15C46D91248E2784004C1C4B /* SceneDelegate.swift in Sources */ = {isa = PBXBuildFile; fileRef = 15C46D90248E2784004C1C4B /* SceneDelegate.swift */; };
		15C46D93248E2784004C1C4B /* ViewController.swift in Sources */ = {isa = PBXBuildFile; fileRef = 15C46D92248E2784004C1C4B /* ViewController.swift */; };
		15C46D96248E2784004C1C4B /* Main.storyboard in Resources */ = {isa = PBXBuildFile; fileRef = 15C46D94248E2784004C1C4B /* Main.storyboard */; };
		15C46D99248E2784004C1C4B /* Task.xcdatamodeld in Sources */ = {isa = PBXBuildFile; fileRef = 15C46D97248E2784004C1C4B /* Task.xcdatamodeld */; };
		15C46D9B248E2788004C1C4B /* Assets.xcassets in Resources */ = {isa = PBXBuildFile; fileRef = 15C46D9A248E2788004C1C4B /* Assets.xcassets */; };
		15C46D9E248E2788004C1C4B /* LaunchScreen.storyboard in Resources */ = {isa = PBXBuildFile; fileRef = 15C46D9C248E2788004C1C4B /* LaunchScreen.storyboard */; };
		15C46DAD248E2925004C1C4B /* ListStoryboard.storyboard in Resources */ = {isa = PBXBuildFile; fileRef = 15C46DAC248E2925004C1C4B /* ListStoryboard.storyboard */; };
		15FA9931248E956C004BFE33 /* OneCategoty.storyboard in Resources */ = {isa = PBXBuildFile; fileRef = 15FA9930248E956C004BFE33 /* OneCategoty.storyboard */; };
		15FA9935248E95D5004BFE33 /* OneCategoryViewController.swift in Sources */ = {isa = PBXBuildFile; fileRef = 15FA9934248E95D4004BFE33 /* OneCategoryViewController.swift */; };
/* End PBXBuildFile section */

/* Begin PBXFileReference section */
		151DB5B6248E2B0D00AF8152 /* ListsCollectionViewController.swift */ = {isa = PBXFileReference; lastKnownFileType = sourcecode.swift; path = ListsCollectionViewController.swift; sourceTree = "<group>"; };
		151DB5B9248E2B2C00AF8152 /* ListsCollectionViewCell.swift */ = {isa = PBXFileReference; lastKnownFileType = sourcecode.swift; path = ListsCollectionViewCell.swift; sourceTree = "<group>"; };
		151DB5BC248E3DB200AF8152 /* Lists.json */ = {isa = PBXFileReference; lastKnownFileType = text.json; path = Lists.json; sourceTree = "<group>"; xcLanguageSpecificationIdentifier = xcode.lang.json; };
		151DB5BF248E414100AF8152 /* JSONService.swift */ = {isa = PBXFileReference; lastKnownFileType = sourcecode.swift; path = JSONService.swift; sourceTree = "<group>"; };
		151DB5C2248E473600AF8152 /* ListsItems.swift */ = {isa = PBXFileReference; lastKnownFileType = sourcecode.swift; path = ListsItems.swift; sourceTree = "<group>"; };
		151DB5C4248E617700AF8152 /* ExtentionListCollection.swift */ = {isa = PBXFileReference; lastKnownFileType = sourcecode.swift; path = ExtentionListCollection.swift; sourceTree = "<group>"; };
		153388E3248E796F00ED2719 /* ListViewController.swift */ = {isa = PBXFileReference; lastKnownFileType = sourcecode.swift; path = ListViewController.swift; sourceTree = "<group>"; };
		153388E5248E831500ED2719 /* CosntraintService.swift */ = {isa = PBXFileReference; fileEncoding = 4; lastKnownFileType = sourcecode.swift; path = CosntraintService.swift; sourceTree = "<group>"; };
		15AC384D248EE1F100BDFCA4 /* ExtentionOneCategoryViewController.swift */ = {isa = PBXFileReference; lastKnownFileType = sourcecode.swift; path = ExtentionOneCategoryViewController.swift; sourceTree = "<group>"; };
		15AC3851248F8C8E00BDFCA4 /* NewItemStoryboard.storyboard */ = {isa = PBXFileReference; lastKnownFileType = file.storyboard; path = NewItemStoryboard.storyboard; sourceTree = "<group>"; };
		15AC3853248F8F7F00BDFCA4 /* NewViewController.swift */ = {isa = PBXFileReference; lastKnownFileType = sourcecode.swift; path = NewViewController.swift; sourceTree = "<group>"; };
		15C46D8B248E2784004C1C4B /* Task.app */ = {isa = PBXFileReference; explicitFileType = wrapper.application; includeInIndex = 0; path = Task.app; sourceTree = BUILT_PRODUCTS_DIR; };
		15C46D8E248E2784004C1C4B /* AppDelegate.swift */ = {isa = PBXFileReference; lastKnownFileType = sourcecode.swift; path = AppDelegate.swift; sourceTree = "<group>"; };
		15C46D90248E2784004C1C4B /* SceneDelegate.swift */ = {isa = PBXFileReference; lastKnownFileType = sourcecode.swift; path = SceneDelegate.swift; sourceTree = "<group>"; };
		15C46D92248E2784004C1C4B /* ViewController.swift */ = {isa = PBXFileReference; lastKnownFileType = sourcecode.swift; path = ViewController.swift; sourceTree = "<group>"; };
		15C46D95248E2784004C1C4B /* Base */ = {isa = PBXFileReference; lastKnownFileType = file.storyboard; name = Base; path = Base.lproj/Main.storyboard; sourceTree = "<group>"; };
		15C46D98248E2784004C1C4B /* Task.xcdatamodel */ = {isa = PBXFileReference; lastKnownFileType = wrapper.xcdatamodel; path = Task.xcdatamodel; sourceTree = "<group>"; };
		15C46D9A248E2788004C1C4B /* Assets.xcassets */ = {isa = PBXFileReference; lastKnownFileType = folder.assetcatalog; path = Assets.xcassets; sourceTree = "<group>"; };
		15C46D9D248E2788004C1C4B /* Base */ = {isa = PBXFileReference; lastKnownFileType = file.storyboard; name = Base; path = Base.lproj/LaunchScreen.storyboard; sourceTree = "<group>"; };
		15C46D9F248E2788004C1C4B /* Info.plist */ = {isa = PBXFileReference; lastKnownFileType = text.plist.xml; path = Info.plist; sourceTree = "<group>"; };
		15C46DAC248E2925004C1C4B /* ListStoryboard.storyboard */ = {isa = PBXFileReference; lastKnownFileType = file.storyboard; path = ListStoryboard.storyboard; sourceTree = "<group>"; };
		15FA9930248E956C004BFE33 /* OneCategoty.storyboard */ = {isa = PBXFileReference; lastKnownFileType = file.storyboard; path = OneCategoty.storyboard; sourceTree = "<group>"; };
		15FA9934248E95D4004BFE33 /* OneCategoryViewController.swift */ = {isa = PBXFileReference; lastKnownFileType = sourcecode.swift; path = OneCategoryViewController.swift; sourceTree = "<group>"; };
/* End PBXFileReference section */

/* Begin PBXFrameworksBuildPhase section */
		15C46D88248E2784004C1C4B /* Frameworks */ = {
			isa = PBXFrameworksBuildPhase;
			buildActionMask = 2147483647;
			files = (
			);
			runOnlyForDeploymentPostprocessing = 0;
		};
/* End PBXFrameworksBuildPhase section */

/* Begin PBXGroup section */
		151DB5B8248E2B1300AF8152 /* Cells */ = {
			isa = PBXGroup;
			children = (
				151DB5B9248E2B2C00AF8152 /* ListsCollectionViewCell.swift */,
			);
			path = Cells;
			sourceTree = "<group>";
		};
		151DB5BB248E2BF000AF8152 /* Services */ = {
			isa = PBXGroup;
			children = (
				151DB5BC248E3DB200AF8152 /* Lists.json */,
				151DB5BF248E414100AF8152 /* JSONService.swift */,
				153388E5248E831500ED2719 /* CosntraintService.swift */,
			);
			path = Services;
			sourceTree = "<group>";
		};
		151DB5C1248E472300AF8152 /* Model */ = {
			isa = PBXGroup;
			children = (
				151DB5C2248E473600AF8152 /* ListsItems.swift */,
			);
			path = Model;
			sourceTree = "<group>";
		};
		15AC384F248F8C6100BDFCA4 /* Views */ = {
			isa = PBXGroup;
			children = (
				15AC3851248F8C8E00BDFCA4 /* NewItemStoryboard.storyboard */,
			);
			path = Views;
			sourceTree = "<group>";
		};
		15AC3850248F8C6900BDFCA4 /* Controllers */ = {
			isa = PBXGroup;
			children = (
				15AC3853248F8F7F00BDFCA4 /* NewViewController.swift */,
			);
			path = Controllers;
			sourceTree = "<group>";
		};
		15C46D82248E2784004C1C4B = {
			isa = PBXGroup;
			children = (
				15C46D8D248E2784004C1C4B /* Task */,
				15C46D8C248E2784004C1C4B /* Products */,
			);
			sourceTree = "<group>";
		};
		15C46D8C248E2784004C1C4B /* Products */ = {
			isa = PBXGroup;
			children = (
				15C46D8B248E2784004C1C4B /* Task.app */,
			);
			name = Products;
			sourceTree = "<group>";
		};
		15C46D8D248E2784004C1C4B /* Task */ = {
			isa = PBXGroup;
			children = (
				15C46DA5248E27FF004C1C4B /* Application */,
				15C46DA8248E2838004C1C4B /* Lists */,
				15C46DAA248E28B1004C1C4B /* NewItems */,
				15C46DA9248E2870004C1C4B /* One-Category */,
				15C46D9A248E2788004C1C4B /* Assets.xcassets */,
				15C46D9F248E2788004C1C4B /* Info.plist */,
				15C46D97248E2784004C1C4B /* Task.xcdatamodeld */,
			);
			path = Task;
			sourceTree = "<group>";
		};
		15C46DA5248E27FF004C1C4B /* Application */ = {
			isa = PBXGroup;
			children = (
				151DB5BB248E2BF000AF8152 /* Services */,
				15C46DA7248E282D004C1C4B /* Views */,
				15C46DA6248E280C004C1C4B /* Controllers */,
			);
			path = Application;
			sourceTree = "<group>";
		};
		15C46DA6248E280C004C1C4B /* Controllers */ = {
			isa = PBXGroup;
			children = (
				15C46D8E248E2784004C1C4B /* AppDelegate.swift */,
				15C46D90248E2784004C1C4B /* SceneDelegate.swift */,
				15C46D92248E2784004C1C4B /* ViewController.swift */,
			);
			path = Controllers;
			sourceTree = "<group>";
		};
		15C46DA7248E282D004C1C4B /* Views */ = {
			isa = PBXGroup;
			children = (
				15C46D94248E2784004C1C4B /* Main.storyboard */,
				15C46D9C248E2788004C1C4B /* LaunchScreen.storyboard */,
			);
			path = Views;
			sourceTree = "<group>";
		};
		15C46DA8248E2838004C1C4B /* Lists */ = {
			isa = PBXGroup;
			children = (
				151DB5C1248E472300AF8152 /* Model */,
				15C46DAE248E292A004C1C4B /* Views */,
				15C46DAB248E28F7004C1C4B /* Controllers */,
			);
			path = Lists;
			sourceTree = "<group>";
		};
		15C46DA9248E2870004C1C4B /* One-Category */ = {
			isa = PBXGroup;
			children = (
				15FA9933248E95BD004BFE33 /* Controllers */,
				15FA9932248E95B4004BFE33 /* Views */,
			);
			path = "One-Category";
			sourceTree = "<group>";
		};
		15C46DAA248E28B1004C1C4B /* NewItems */ = {
			isa = PBXGroup;
			children = (
				15AC3850248F8C6900BDFCA4 /* Controllers */,
				15AC384F248F8C6100BDFCA4 /* Views */,
			);
			path = NewItems;
			sourceTree = "<group>";
		};
		15C46DAB248E28F7004C1C4B /* Controllers */ = {
			isa = PBXGroup;
			children = (
				151DB5B8248E2B1300AF8152 /* Cells */,
				15FA9936248E9634004BFE33 /* DataSource */,
				153388E3248E796F00ED2719 /* ListViewController.swift */,
			);
			path = Controllers;
			sourceTree = "<group>";
		};
		15C46DAE248E292A004C1C4B /* Views */ = {
			isa = PBXGroup;
			children = (
				15C46DAC248E2925004C1C4B /* ListStoryboard.storyboard */,
			);
			path = Views;
			sourceTree = "<group>";
		};
		15FA9932248E95B4004BFE33 /* Views */ = {
			isa = PBXGroup;
			children = (
				15FA9930248E956C004BFE33 /* OneCategoty.storyboard */,
			);
			path = Views;
			sourceTree = "<group>";
		};
		15FA9933248E95BD004BFE33 /* Controllers */ = {
			isa = PBXGroup;
			children = (
				15FA9934248E95D4004BFE33 /* OneCategoryViewController.swift */,
				15AC384D248EE1F100BDFCA4 /* ExtentionOneCategoryViewController.swift */,
			);
			path = Controllers;
			sourceTree = "<group>";
		};
		15FA9936248E9634004BFE33 /* DataSource */ = {
			isa = PBXGroup;
			children = (
				151DB5B6248E2B0D00AF8152 /* ListsCollectionViewController.swift */,
				151DB5C4248E617700AF8152 /* ExtentionListCollection.swift */,
			);
			path = DataSource;
			sourceTree = "<group>";
		};
/* End PBXGroup section */

/* Begin PBXNativeTarget section */
		15C46D8A248E2784004C1C4B /* Task */ = {
			isa = PBXNativeTarget;
			buildConfigurationList = 15C46DA2248E2789004C1C4B /* Build configuration list for PBXNativeTarget "Task" */;
			buildPhases = (
				15C46D87248E2784004C1C4B /* Sources */,
				15C46D88248E2784004C1C4B /* Frameworks */,
				15C46D89248E2784004C1C4B /* Resources */,
			);
			buildRules = (
			);
			dependencies = (
			);
			name = Task;
			productName = Task;
			productReference = 15C46D8B248E2784004C1C4B /* Task.app */;
			productType = "com.apple.product-type.application";
		};
/* End PBXNativeTarget section */

/* Begin PBXProject section */
		15C46D83248E2784004C1C4B /* Project object */ = {
			isa = PBXProject;
			attributes = {
				LastSwiftUpdateCheck = 1150;
				LastUpgradeCheck = 1150;
				ORGANIZATIONNAME = "Azizbek Ismailov";
				TargetAttributes = {
					15C46D8A248E2784004C1C4B = {
						CreatedOnToolsVersion = 11.5;
					};
				};
			};
			buildConfigurationList = 15C46D86248E2784004C1C4B /* Build configuration list for PBXProject "Task" */;
			compatibilityVersion = "Xcode 9.3";
			developmentRegion = en;
			hasScannedForEncodings = 0;
			knownRegions = (
				en,
				Base,
			);
			mainGroup = 15C46D82248E2784004C1C4B;
			productRefGroup = 15C46D8C248E2784004C1C4B /* Products */;
			projectDirPath = "";
			projectRoot = "";
			targets = (
				15C46D8A248E2784004C1C4B /* Task */,
			);
		};
/* End PBXProject section */

/* Begin PBXResourcesBuildPhase section */
		15C46D89248E2784004C1C4B /* Resources */ = {
			isa = PBXResourcesBuildPhase;
			buildActionMask = 2147483647;
			files = (
				15C46D9E248E2788004C1C4B /* LaunchScreen.storyboard in Resources */,
				15AC3852248F8C8E00BDFCA4 /* NewItemStoryboard.storyboard in Resources */,
				15C46DAD248E2925004C1C4B /* ListStoryboard.storyboard in Resources */,
				15C46D9B248E2788004C1C4B /* Assets.xcassets in Resources */,
				15FA9931248E956C004BFE33 /* OneCategoty.storyboard in Resources */,
				15C46D96248E2784004C1C4B /* Main.storyboard in Resources */,
				151DB5BD248E3DB200AF8152 /* Lists.json in Resources */,
			);
			runOnlyForDeploymentPostprocessing = 0;
		};
/* End PBXResourcesBuildPhase section */

/* Begin PBXSourcesBuildPhase section */
		15C46D87248E2784004C1C4B /* Sources */ = {
			isa = PBXSourcesBuildPhase;
			buildActionMask = 2147483647;
			files = (
				151DB5BA248E2B2C00AF8152 /* ListsCollectionViewCell.swift in Sources */,
				15C46D99248E2784004C1C4B /* Task.xcdatamodeld in Sources */,
				15FA9935248E95D5004BFE33 /* OneCategoryViewController.swift in Sources */,
				15C46D93248E2784004C1C4B /* ViewController.swift in Sources */,
				153388E6248E831500ED2719 /* CosntraintService.swift in Sources */,
				15C46D8F248E2784004C1C4B /* AppDelegate.swift in Sources */,
				151DB5C5248E617700AF8152 /* ExtentionListCollection.swift in Sources */,
				151DB5C3248E473600AF8152 /* ListsItems.swift in Sources */,
				15C46D91248E2784004C1C4B /* SceneDelegate.swift in Sources */,
				15AC3854248F8F7F00BDFCA4 /* NewViewController.swift in Sources */,
				151DB5B7248E2B0D00AF8152 /* ListsCollectionViewController.swift in Sources */,
				15AC384E248EE1F100BDFCA4 /* ExtentionOneCategoryViewController.swift in Sources */,
				153388E4248E796F00ED2719 /* ListViewController.swift in Sources */,
				151DB5C0248E414100AF8152 /* JSONService.swift in Sources */,
			);
			runOnlyForDeploymentPostprocessing = 0;
		};
/* End PBXSourcesBuildPhase section */

/* Begin PBXVariantGroup section */
		15C46D94248E2784004C1C4B /* Main.storyboard */ = {
			isa = PBXVariantGroup;
			children = (
				15C46D95248E2784004C1C4B /* Base */,
			);
			name = Main.storyboard;
			sourceTree = "<group>";
		};
		15C46D9C248E2788004C1C4B /* LaunchScreen.storyboard */ = {
			isa = PBXVariantGroup;
			children = (
				15C46D9D248E2788004C1C4B /* Base */,
			);
			name = LaunchScreen.storyboard;
			sourceTree = "<group>";
		};
/* End PBXVariantGroup section */

/* Begin XCBuildConfiguration section */
		15C46DA0248E2789004C1C4B /* Debug */ = {
			isa = XCBuildConfiguration;
			buildSettings = {
				ALWAYS_SEARCH_USER_PATHS = NO;
				CLANG_ANALYZER_NONNULL = YES;
				CLANG_ANALYZER_NUMBER_OBJECT_CONVERSION = YES_AGGRESSIVE;
				CLANG_CXX_LANGUAGE_STANDARD = "gnu++14";
				CLANG_CXX_LIBRARY = "libc++";
				CLANG_ENABLE_MODULES = YES;
				CLANG_ENABLE_OBJC_ARC = YES;
				CLANG_ENABLE_OBJC_WEAK = YES;
				CLANG_WARN_BLOCK_CAPTURE_AUTORELEASING = YES;
				CLANG_WARN_BOOL_CONVERSION = YES;
				CLANG_WARN_COMMA = YES;
				CLANG_WARN_CONSTANT_CONVERSION = YES;
				CLANG_WARN_DEPRECATED_OBJC_IMPLEMENTATIONS = YES;
				CLANG_WARN_DIRECT_OBJC_ISA_USAGE = YES_ERROR;
				CLANG_WARN_DOCUMENTATION_COMMENTS = YES;
				CLANG_WARN_EMPTY_BODY = YES;
				CLANG_WARN_ENUM_CONVERSION = YES;
				CLANG_WARN_INFINITE_RECURSION = YES;
				CLANG_WARN_INT_CONVERSION = YES;
				CLANG_WARN_NON_LITERAL_NULL_CONVERSION = YES;
				CLANG_WARN_OBJC_IMPLICIT_RETAIN_SELF = YES;
				CLANG_WARN_OBJC_LITERAL_CONVERSION = YES;
				CLANG_WARN_OBJC_ROOT_CLASS = YES_ERROR;
				CLANG_WARN_RANGE_LOOP_ANALYSIS = YES;
				CLANG_WARN_STRICT_PROTOTYPES = YES;
				CLANG_WARN_SUSPICIOUS_MOVE = YES;
				CLANG_WARN_UNGUARDED_AVAILABILITY = YES_AGGRESSIVE;
				CLANG_WARN_UNREACHABLE_CODE = YES;
				CLANG_WARN__DUPLICATE_METHOD_MATCH = YES;
				COPY_PHASE_STRIP = NO;
				DEBUG_INFORMATION_FORMAT = dwarf;
				ENABLE_STRICT_OBJC_MSGSEND = YES;
				ENABLE_TESTABILITY = YES;
				GCC_C_LANGUAGE_STANDARD = gnu11;
				GCC_DYNAMIC_NO_PIC = NO;
				GCC_NO_COMMON_BLOCKS = YES;
				GCC_OPTIMIZATION_LEVEL = 0;
				GCC_PREPROCESSOR_DEFINITIONS = (
					"DEBUG=1",
					"$(inherited)",
				);
				GCC_WARN_64_TO_32_BIT_CONVERSION = YES;
				GCC_WARN_ABOUT_RETURN_TYPE = YES_ERROR;
				GCC_WARN_UNDECLARED_SELECTOR = YES;
				GCC_WARN_UNINITIALIZED_AUTOS = YES_AGGRESSIVE;
				GCC_WARN_UNUSED_FUNCTION = YES;
				GCC_WARN_UNUSED_VARIABLE = YES;
				IPHONEOS_DEPLOYMENT_TARGET = 13.5;
				MTL_ENABLE_DEBUG_INFO = INCLUDE_SOURCE;
				MTL_FAST_MATH = YES;
				ONLY_ACTIVE_ARCH = YES;
				SDKROOT = iphoneos;
				SWIFT_ACTIVE_COMPILATION_CONDITIONS = DEBUG;
				SWIFT_OPTIMIZATION_LEVEL = "-Onone";
			};
			name = Debug;
		};
		15C46DA1248E2789004C1C4B /* Release */ = {
			isa = XCBuildConfiguration;
			buildSettings = {
				ALWAYS_SEARCH_USER_PATHS = NO;
				CLANG_ANALYZER_NONNULL = YES;
				CLANG_ANALYZER_NUMBER_OBJECT_CONVERSION = YES_AGGRESSIVE;
				CLANG_CXX_LANGUAGE_STANDARD = "gnu++14";
				CLANG_CXX_LIBRARY = "libc++";
				CLANG_ENABLE_MODULES = YES;
				CLANG_ENABLE_OBJC_ARC = YES;
				CLANG_ENABLE_OBJC_WEAK = YES;
				CLANG_WARN_BLOCK_CAPTURE_AUTORELEASING = YES;
				CLANG_WARN_BOOL_CONVERSION = YES;
				CLANG_WARN_COMMA = YES;
				CLANG_WARN_CONSTANT_CONVERSION = YES;
				CLANG_WARN_DEPRECATED_OBJC_IMPLEMENTATIONS = YES;
				CLANG_WARN_DIRECT_OBJC_ISA_USAGE = YES_ERROR;
				CLANG_WARN_DOCUMENTATION_COMMENTS = YES;
				CLANG_WARN_EMPTY_BODY = YES;
				CLANG_WARN_ENUM_CONVERSION = YES;
				CLANG_WARN_INFINITE_RECURSION = YES;
				CLANG_WARN_INT_CONVERSION = YES;
				CLANG_WARN_NON_LITERAL_NULL_CONVERSION = YES;
				CLANG_WARN_OBJC_IMPLICIT_RETAIN_SELF = YES;
				CLANG_WARN_OBJC_LITERAL_CONVERSION = YES;
				CLANG_WARN_OBJC_ROOT_CLASS = YES_ERROR;
				CLANG_WARN_RANGE_LOOP_ANALYSIS = YES;
				CLANG_WARN_STRICT_PROTOTYPES = YES;
				CLANG_WARN_SUSPICIOUS_MOVE = YES;
				CLANG_WARN_UNGUARDED_AVAILABILITY = YES_AGGRESSIVE;
				CLANG_WARN_UNREACHABLE_CODE = YES;
				CLANG_WARN__DUPLICATE_METHOD_MATCH = YES;
				COPY_PHASE_STRIP = NO;
				DEBUG_INFORMATION_FORMAT = "dwarf-with-dsym";
				ENABLE_NS_ASSERTIONS = NO;
				ENABLE_STRICT_OBJC_MSGSEND = YES;
				GCC_C_LANGUAGE_STANDARD = gnu11;
				GCC_NO_COMMON_BLOCKS = YES;
				GCC_WARN_64_TO_32_BIT_CONVERSION = YES;
				GCC_WARN_ABOUT_RETURN_TYPE = YES_ERROR;
				GCC_WARN_UNDECLARED_SELECTOR = YES;
				GCC_WARN_UNINITIALIZED_AUTOS = YES_AGGRESSIVE;
				GCC_WARN_UNUSED_FUNCTION = YES;
				GCC_WARN_UNUSED_VARIABLE = YES;
				IPHONEOS_DEPLOYMENT_TARGET = 13.5;
				MTL_ENABLE_DEBUG_INFO = NO;
				MTL_FAST_MATH = YES;
				SDKROOT = iphoneos;
				SWIFT_COMPILATION_MODE = wholemodule;
				SWIFT_OPTIMIZATION_LEVEL = "-O";
				VALIDATE_PRODUCT = YES;
			};
			name = Release;
		};
		15C46DA3248E2789004C1C4B /* Debug */ = {
			isa = XCBuildConfiguration;
			buildSettings = {
				ASSETCATALOG_COMPILER_APPICON_NAME = AppIcon;
				CODE_SIGN_STYLE = Automatic;
				DEVELOPMENT_TEAM = QS4Z3MJ49V;
				INFOPLIST_FILE = Task/Info.plist;
				LD_RUNPATH_SEARCH_PATHS = (
					"$(inherited)",
					"@executable_path/Frameworks",
				);
				PRODUCT_BUNDLE_IDENTIFIER = azizbek.ru.Task;
				PRODUCT_NAME = "$(TARGET_NAME)";
				SWIFT_VERSION = 5.0;
				TARGETED_DEVICE_FAMILY = "1,2";
			};
			name = Debug;
		};
		15C46DA4248E2789004C1C4B /* Release */ = {
			isa = XCBuildConfiguration;
			buildSettings = {
				ASSETCATALOG_COMPILER_APPICON_NAME = AppIcon;
				CODE_SIGN_STYLE = Automatic;
				DEVELOPMENT_TEAM = QS4Z3MJ49V;
				INFOPLIST_FILE = Task/Info.plist;
				LD_RUNPATH_SEARCH_PATHS = (
					"$(inherited)",
					"@executable_path/Frameworks",
				);
				PRODUCT_BUNDLE_IDENTIFIER = azizbek.ru.Task;
				PRODUCT_NAME = "$(TARGET_NAME)";
				SWIFT_VERSION = 5.0;
				TARGETED_DEVICE_FAMILY = "1,2";
			};
			name = Release;
		};
/* End XCBuildConfiguration section */

/* Begin XCConfigurationList section */
		15C46D86248E2784004C1C4B /* Build configuration list for PBXProject "Task" */ = {
			isa = XCConfigurationList;
			buildConfigurations = (
				15C46DA0248E2789004C1C4B /* Debug */,
				15C46DA1248E2789004C1C4B /* Release */,
			);
			defaultConfigurationIsVisible = 0;
			defaultConfigurationName = Release;
		};
		15C46DA2248E2789004C1C4B /* Build configuration list for PBXNativeTarget "Task" */ = {
			isa = XCConfigurationList;
			buildConfigurations = (
				15C46DA3248E2789004C1C4B /* Debug */,
				15C46DA4248E2789004C1C4B /* Release */,
			);
			defaultConfigurationIsVisible = 0;
			defaultConfigurationName = Release;
		};
/* End XCConfigurationList section */

/* Begin XCVersionGroup section */
		15C46D97248E2784004C1C4B /* Task.xcdatamodeld */ = {
			isa = XCVersionGroup;
			children = (
				15C46D98248E2784004C1C4B /* Task.xcdatamodel */,
			);
			currentVersion = 15C46D98248E2784004C1C4B /* Task.xcdatamodel */;
			path = Task.xcdatamodeld;
			sourceTree = "<group>";
			versionGroupType = wrapper.xcdatamodel;
		};
/* End XCVersionGroup section */
	};
	rootObject = 15C46D83248E2784004C1C4B /* Project object */;
}
